
Microsoft Visual Studio Solution File, Format Version 12.00
# Visual Studio Version 17
VisualStudioVersion = 17.6.33815.320
MinimumVisualStudioVersion = 10.0.40219.1
Project("{FAE04EC0-301F-11D3-BF4B-00C04F79EFBC}") = "IndicatorFundation", "IndicatorFundation\IndicatorFundation.csproj", "{86C47393-1CFD-4319-94C4-8BBF84988ED2}"
EndProject
Project("{FAE04EC0-301F-11D3-BF4B-00C04F79EFBC}") = "SFMLGraphicDriver", "SFMLGraphicDriver\SFMLGraphicDriver.csproj", "{FF3C8D41-C2DB-4105-9209-329E62A12196}"
EndProject
Project("{FAE04EC0-301F-11D3-BF4B-00C04F79EFBC}") = "MyApplication", "MyApplication\MyApplication.csproj", "{33BE6B48-6689-4BD0-997D-AF97CE0C613F}"
EndProject
Global
	GlobalSection(SolutionConfigurationPlatforms) = preSolution
		Debug|Any CPU = Debug|Any CPU
		Release|Any CPU = Release|Any CPU
	EndGlobalSection
	GlobalSection(ProjectConfigurationPlatforms) = postSolution
		{86C47393-1CFD-4319-94C4-8BBF84988ED2}.Debug|Any CPU.ActiveCfg = Debug|Any CPU
		{86C47393-1CFD-4319-94C4-8BBF84988ED2}.Debug|Any CPU.Build.0 = Debug|Any CPU
		{86C47393-1CFD-4319-94C4-8BBF84988ED2}.Release|Any CPU.ActiveCfg = Release|Any CPU
		{86C47393-1CFD-4319-94C4-8BBF84988ED2}.Release|Any CPU.Build.0 = Release|Any CPU
		{FF3C8D41-C2DB-4105-9209-329E62A12196}.Debug|Any CPU.ActiveCfg = Debug|Any CPU
		{FF3C8D41-C2DB-4105-9209-329E62A12196}.Debug|Any CPU.Build.0 = Debug|Any CPU
		{FF3C8D41-C2DB-4105-9209-329E62A12196}.Release|Any CPU.ActiveCfg = Release|Any CPU
		{FF3C8D41-C2DB-4105-9209-329E62A12196}.Release|Any CPU.Build.0 = Release|Any CPU
		{33BE6B48-6689-4BD0-997D-AF97CE0C613F}.Debug|Any CPU.ActiveCfg = Debug|Any CPU
		{33BE6B48-6689-4BD0-997D-AF97CE0C613F}.Debug|Any CPU.Build.0 = Debug|Any CPU
		{33BE6B48-6689-4BD0-997D-AF97CE0C613F}.Release|Any CPU.ActiveCfg = Release|Any CPU
		{33BE6B48-6689-4BD0-997D-AF97CE0C613F}.Release|Any CPU.Build.0 = Release|Any CPU
	EndGlobalSection
	GlobalSection(SolutionProperties) = preSolution
		HideSolutionNode = FALSE
	EndGlobalSection
	GlobalSection(ExtensibilityGlobals) = postSolution
		SolutionGuid = {C26E3225-6F56-459E-BD96-A6804FF81483}
	EndGlobalSection
EndGlobal
